// !$*UTF8*$!
{
	archiveVersion = 1;
	classes = {
	};
	objectVersion = 77;
	objects = {

/* Begin PBXBuildFile section */
		2EF3C37E011088B303D7886B /* EmbeddedMockEngine in Frameworks */ = {isa = PBXBuildFile; productRef = AF94BED8BA33D993A8CCC0A1 /* EmbeddedMockEngine */; };
		7F3D406E333911DD5E517937 /* EmbeddedMockEngine in Frameworks */ = {isa = PBXBuildFile; productRef = 6845169CB54A693C60ADEC58 /* EmbeddedMockEngine */; };
		C82679072F871514001240CD /* EmbeddedMockEngine in Embed Frameworks */ = {isa = PBXBuildFile; productRef = 6845169CB54A693C60ADEC58 /* EmbeddedMockEngine */; settings = {ATTRIBUTES = (CodeSignOnCopy, ); }; };
		C82679092F871518001240CD /* EmbeddedMockEngine in Embed Frameworks */ = {isa = PBXBuildFile; productRef = AF94BED8BA33D993A8CCC0A1 /* EmbeddedMockEngine */; settings = {ATTRIBUTES = (CodeSignOnCopy, ); }; };
/* End PBXBuildFile section */

/* Begin PBXCopyFilesBuildPhase section */
		C82679082F871514001240CD /* Embed Frameworks */ = {
			isa = PBXCopyFilesBuildPhase;
			buildActionMask = 2147483647;
			dstPath = "";
			dstSubfolderSpec = 10;
			files = (
				C82679072F871514001240CD /* EmbeddedMockEngine in Embed Frameworks */,
			);
			name = "Embed Frameworks";
			runOnlyForDeploymentPostprocessing = 0;
		};
		C826790A2F871518001240CD /* Embed Frameworks */ = {
			isa = PBXCopyFilesBuildPhase;
			buildActionMask = 2147483647;
			dstPath = "";
			dstSubfolderSpec = 10;
			files = (
				C82679092F871518001240CD /* EmbeddedMockEngine in Embed Frameworks */,
			);
			name = "Embed Frameworks";
			runOnlyForDeploymentPostprocessing = 0;
		};
/* End PBXCopyFilesBuildPhase section */

/* Begin PBXFileReference section */
		9E7E647C4262516C1918399F /* MockEngine.app */ = {isa = PBXFileReference; explicitFileType = wrapper.application; includeInIndex = 0; path = MockEngine.app; sourceTree = BUILT_PRODUCTS_DIR; };
		AF44FCFED857A812A0B37BCB /* MockEngine.app */ = {isa = PBXFileReference; explicitFileType = wrapper.application; includeInIndex = 0; path = MockEngine.app; sourceTree = BUILT_PRODUCTS_DIR; };
/* End PBXFileReference section */

/* Begin PBXFileSystemSynchronizedBuildFileExceptionSet section */
		C89F7AF62FA1AEA300E01F32 /* Exceptions for "Resources" folder in "MockEngineApp-iOS" target */ = {
			isa = PBXFileSystemSynchronizedBuildFileExceptionSet;
			membershipExceptions = (
				DefaultMockConfig.json,
			);
			target = 0EF5F158E3A57345E64DBA72 /* MockEngineApp-iOS */;
		};
		C89F7AF92FA1AEB500E01F32 /* Exceptions for "Resources" folder in "MockEngineApp-macOS" target */ = {
			isa = PBXFileSystemSynchronizedBuildFileExceptionSet;
			membershipExceptions = (
				DefaultMockConfig.json,
			);
			target = 100C67B52B166015CC49DA5B /* MockEngineApp-macOS */;
		};
/* End PBXFileSystemSynchronizedBuildFileExceptionSet section */

/* Begin PBXFileSystemSynchronizedRootGroup section */
		C8243A8D2FA1ADD400BBC51F /* Sources */ = {
			isa = PBXFileSystemSynchronizedRootGroup;
			path = Sources;
			sourceTree = "<group>";
		};
		C8243A972FA1ADD900BBC51F /* Resources */ = {
			isa = PBXFileSystemSynchronizedRootGroup;
			exceptions = (
				C89F7AF62FA1AEA300E01F32 /* Exceptions for "Resources" folder in "MockEngineApp-iOS" target */,
				C89F7AF92FA1AEB500E01F32 /* Exceptions for "Resources" folder in "MockEngineApp-macOS" target */,
			);
			path = Resources;
			sourceTree = "<group>";
		};
/* End PBXFileSystemSynchronizedRootGroup section */

/* Begin PBXFrameworksBuildPhase section */
		CF68FEB3A4F219C957EEDA8C /* Frameworks */ = {
			isa = PBXFrameworksBuildPhase;
			buildActionMask = 2147483647;
			files = (
				2EF3C37E011088B303D7886B /* EmbeddedMockEngine in Frameworks */,
			);
			runOnlyForDeploymentPostprocessing = 0;
		};
		E5D9D9FC63B0E90D57D2E317 /* Frameworks */ = {
			isa = PBXFrameworksBuildPhase;
			buildActionMask = 2147483647;
			files = (
				7F3D406E333911DD5E517937 /* EmbeddedMockEngine in Frameworks */,
			);
			runOnlyForDeploymentPostprocessing = 0;
		};
/* End PBXFrameworksBuildPhase section */

/* Begin PBXGroup section */
		370392015ECB8C0BF63DC6EC /* Products */ = {
			isa = PBXGroup;
			children = (
				AF44FCFED857A812A0B37BCB /* MockEngine.app */,
				9E7E647C4262516C1918399F /* MockEngine.app */,
			);
			name = Products;
			sourceTree = "<group>";
		};
		3BF4D24EF74ACBE4F340D06E = {
			isa = PBXGroup;
			children = (
				C8243A972FA1ADD900BBC51F /* Resources */,
				C8243A8D2FA1ADD400BBC51F /* Sources */,
				370392015ECB8C0BF63DC6EC /* Products */,
			);
			sourceTree = "<group>";
		};
/* End PBXGroup section */

/* Begin PBXNativeTarget section */
		0EF5F158E3A57345E64DBA72 /* MockEngineApp-iOS */ = {
			isa = PBXNativeTarget;
			buildConfigurationList = FB1BF844AD5BCDBAAE0D9B2E /* Build configuration list for PBXNativeTarget "MockEngineApp-iOS" */;
			buildPhases = (
				133A6EA402052B34D4462AD6 /* Sources */,
				E5D9D9FC63B0E90D57D2E317 /* Frameworks */,
				C89F7AF42FA1AE9C00E01F32 /* Resources */,
				C82679082F871514001240CD /* Embed Frameworks */,
			);
			buildRules = (
			);
			dependencies = (
			);
			fileSystemSynchronizedGroups = (
				C8243A8D2FA1ADD400BBC51F /* Sources */,
			);
			name = "MockEngineApp-iOS";
			packageProductDependencies = (
				6845169CB54A693C60ADEC58 /* EmbeddedMockEngine */,
			);
			productName = "MockEngineApp-iOS";
			productReference = AF44FCFED857A812A0B37BCB /* MockEngine.app */;
			productType = "com.apple.product-type.application";
		};
		100C67B52B166015CC49DA5B /* MockEngineApp-macOS */ = {
			isa = PBXNativeTarget;
			buildConfigurationList = 645B5F7C5FC1DC118778C9D4 /* Build configuration list for PBXNativeTarget "MockEngineApp-macOS" */;
			buildPhases = (
				E7FF7D3C199AF44E60AB1EAE /* Sources */,
				CF68FEB3A4F219C957EEDA8C /* Frameworks */,
				C826790A2F871518001240CD /* Embed Frameworks */,
				C89F7AF72FA1AEB000E01F32 /* Resources */,
			);
			buildRules = (
			);
			dependencies = (
			);
			fileSystemSynchronizedGroups = (
				C8243A8D2FA1ADD400BBC51F /* Sources */,
			);
			name = "MockEngineApp-macOS";
			packageProductDependencies = (
				AF94BED8BA33D993A8CCC0A1 /* EmbeddedMockEngine */,
			);
			productName = "MockEngineApp-macOS";
			productReference = 9E7E647C4262516C1918399F /* MockEngine.app */;
			productType = "com.apple.product-type.application";
		};
/* End PBXNativeTarget section */

/* Begin PBXProject section */
		6EE6A1C6CA26532F67428D0C /* Project object */ = {
			isa = PBXProject;
			attributes = {
				BuildIndependentTargetsInParallel = YES;
				LastUpgradeCheck = 2640;
				TargetAttributes = {
					0EF5F158E3A57345E64DBA72 = {
						ProvisioningStyle = Automatic;
					};
					100C67B52B166015CC49DA5B = {
						ProvisioningStyle = Automatic;
					};
				};
			};
			buildConfigurationList = 9573CF12B71B6B0CE85F501C /* Build configuration list for PBXProject "MockEngineApp" */;
			developmentRegion = en;
			hasScannedForEncodings = 0;
			knownRegions = (
				Base,
				en,
			);
			mainGroup = 3BF4D24EF74ACBE4F340D06E;
			minimizedProjectReferenceProxies = 1;
			packageReferences = (
				C8243A982FA1AE1800BBC51F /* XCLocalSwiftPackageReference "../EmbeddedMockEngine" */,
			);
			preferredProjectObjectVersion = 77;
			productRefGroup = 370392015ECB8C0BF63DC6EC /* Products */;
			projectDirPath = "";
			projectRoot = "";
			targets = (
				0EF5F158E3A57345E64DBA72 /* MockEngineApp-iOS */,
				100C67B52B166015CC49DA5B /* MockEngineApp-macOS */,
			);
		};
/* End PBXProject section */

/* Begin PBXResourcesBuildPhase section */
		C89F7AF42FA1AE9C00E01F32 /* Resources */ = {
			isa = PBXResourcesBuildPhase;
			buildActionMask = 2147483647;
			files = (
			);
			runOnlyForDeploymentPostprocessing = 0;
		};
		C89F7AF72FA1AEB000E01F32 /* Resources */ = {
			isa = PBXResourcesBuildPhase;
			buildActionMask = 2147483647;
			files = (
			);
			runOnlyForDeploymentPostprocessing = 0;
		};
/* End PBXResourcesBuildPhase section */

/* Begin PBXSourcesBuildPhase section */
		133A6EA402052B34D4462AD6 /* Sources */ = {
			isa = PBXSourcesBuildPhase;
			buildActionMask = 2147483647;
			files = (
			);
			runOnlyForDeploymentPostprocessing = 0;
		};
		E7FF7D3C199AF44E60AB1EAE /* Sources */ = {
			isa = PBXSourcesBuildPhase;
			buildActionMask = 2147483647;
			files = (
			);
			runOnlyForDeploymentPostprocessing = 0;
		};
/* End PBXSourcesBuildPhase section */

/* Begin XCBuildConfiguration section */
		24C7E433A8FAC95BC78FBF27 /* Debug */ = {
			isa = XCBuildConfiguration;
			buildSettings = {
				ASSETCATALOG_COMPILER_APPICON_NAME = AppIcon;
				CODE_SIGN_STYLE = Automatic;
				COMBINE_HIDPI_IMAGES = YES;
				CURRENT_PROJECT_VERSION = 1;
				DEAD_CODE_STRIPPING = YES;
				ENABLE_HARDENED_RUNTIME = YES;
				INFOPLIST_FILE = Info.plist;
				LD_RUNPATH_SEARCH_PATHS = (
					"$(inherited)",
					"@executable_path/../Frameworks",
				);
				MACOSX_DEPLOYMENT_TARGET = 13.0;
				MARKETING_VERSION = 1.0;
				PRODUCT_BUNDLE_IDENTIFIER = com.embeddedmockengine.app;
				PRODUCT_NAME = MockEngine;
				SDKROOT = macosx;
				SWIFT_ACTIVE_COMPILATION_CONDITIONS = DEBUG;
				SWIFT_OPTIMIZATION_LEVEL = "-Onone";
				SWIFT_VERSION = 5.9;
			};
			name = Debug;
		};
		73AF6BC7CEC3DB7DC2735922 /* Release */ = {
			isa = XCBuildConfiguration;
			buildSettings = {
				ASSETCATALOG_COMPILER_APPICON_NAME = AppIcon;
				CODE_SIGN_STYLE = Automatic;
				COMBINE_HIDPI_IMAGES = YES;
				CURRENT_PROJECT_VERSION = 1;
				DEAD_CODE_STRIPPING = YES;
				ENABLE_HARDENED_RUNTIME = YES;
				INFOPLIST_FILE = Info.plist;
				LD_RUNPATH_SEARCH_PATHS = (
					"$(inherited)",
					"@executable_path/../Frameworks",
				);
				MACOSX_DEPLOYMENT_TARGET = 13.0;
				MARKETING_VERSION = 1.0;
				PRODUCT_BUNDLE_IDENTIFIER = com.embeddedmockengine.app;
				PRODUCT_NAME = MockEngine;
				SDKROOT = macosx;
				SWIFT_OPTIMIZATION_LEVEL = "-O";
				SWIFT_VERSION = 5.9;
			};
			name = Release;
		};
		A4984199E416DE2359CED46D /* Debug */ = {
			isa = XCBuildConfiguration;
			buildSettings = {
				ALWAYS_SEARCH_USER_PATHS = NO;
				ASSETCATALOG_COMPILER_GENERATE_SWIFT_ASSET_SYMBOL_EXTENSIONS = YES;
				CLANG_ANALYZER_NONNULL = YES;
				CLANG_ANALYZER_NUMBER_OBJECT_CONVERSION = YES_AGGRESSIVE;
				CLANG_CXX_LANGUAGE_STANDARD = "gnu++14";
				CLANG_CXX_LIBRARY = "libc++";
				CLANG_ENABLE_MODULES = YES;
				CLANG_ENABLE_OBJC_ARC = YES;
				CLANG_ENABLE_OBJC_WEAK = YES;
				CLANG_WARN_BLOCK_CAPTURE_AUTORELEASING = YES;
				CLANG_WARN_BOOL_CONVERSION = YES;
				CLANG_WARN_COMMA = YES;
				CLANG_WARN_CONSTANT_CONVERSION = YES;
				CLANG_WARN_DEPRECATED_OBJC_IMPLEMENTATIONS = YES;
				CLANG_WARN_DIRECT_OBJC_ISA_USAGE = YES_ERROR;
				CLANG_WARN_DOCUMENTATION_COMMENTS = YES;
				CLANG_WARN_EMPTY_BODY = YES;
				CLANG_WARN_ENUM_CONVERSION = YES;
				CLANG_WARN_INFINITE_RECURSION = YES;
				CLANG_WARN_INT_CONVERSION = YES;
				CLANG_WARN_NON_LITERAL_NULL_CONVERSION = YES;
				CLANG_WARN_OBJC_IMPLICIT_RETAIN_SELF = YES;
				CLANG_WARN_OBJC_LITERAL_CONVERSION = YES;
				CLANG_WARN_OBJC_ROOT_CLASS = YES_ERROR;
				CLANG_WARN_QUOTED_INCLUDE_IN_FRAMEWORK_HEADER = YES;
				CLANG_WARN_RANGE_LOOP_ANALYSIS = YES;
				CLANG_WARN_STRICT_PROTOTYPES = YES;
				CLANG_WARN_SUSPICIOUS_MOVE = YES;
				CLANG_WARN_UNGUARDED_AVAILABILITY = YES_AGGRESSIVE;
				CLANG_WARN_UNREACHABLE_CODE = YES;
				CLANG_WARN__DUPLICATE_METHOD_MATCH = YES;
				COPY_PHASE_STRIP = NO;
				DEAD_CODE_STRIPPING = YES;
				DEBUG_INFORMATION_FORMAT = dwarf;
				ENABLE_STRICT_OBJC_MSGSEND = YES;
				ENABLE_TESTABILITY = YES;
				ENABLE_USER_SCRIPT_SANDBOXING = YES;
				GCC_C_LANGUAGE_STANDARD = gnu11;
				GCC_DYNAMIC_NO_PIC = NO;
				GCC_NO_COMMON_BLOCKS = YES;
				GCC_OPTIMIZATION_LEVEL = 0;
				GCC_PREPROCESSOR_DEFINITIONS = (
					"$(inherited)",
					"DEBUG=1",
				);
				GCC_WARN_64_TO_32_BIT_CONVERSION = YES;
				GCC_WARN_ABOUT_RETURN_TYPE = YES_ERROR;
				GCC_WARN_UNDECLARED_SELECTOR = YES;
				GCC_WARN_UNINITIALIZED_AUTOS = YES_AGGRESSIVE;
				GCC_WARN_UNUSED_FUNCTION = YES;
				GCC_WARN_UNUSED_VARIABLE = YES;
				MTL_ENABLE_DEBUG_INFO = INCLUDE_SOURCE;
				MTL_FAST_MATH = YES;
				ONLY_ACTIVE_ARCH = YES;
				PRODUCT_NAME = "$(TARGET_NAME)";
				STRING_CATALOG_GENERATE_SYMBOLS = YES;
				SWIFT_ACTIVE_COMPILATION_CONDITIONS = DEBUG;
				SWIFT_OPTIMIZATION_LEVEL = "-Onone";
				SWIFT_VERSION = 5.0;
			};
			name = Debug;
		};
		DED39F45DEC656645BB23FEE /* Release */ = {
			isa = XCBuildConfiguration;
			buildSettings = {
				ASSETCATALOG_COMPILER_APPICON_NAME = AppIcon;
				CODE_SIGN_IDENTITY = "iPhone Developer";
				CODE_SIGN_STYLE = Automatic;
				CURRENT_PROJECT_VERSION = 1;
				DEVELOPMENT_TEAM = "";
				INFOPLIST_FILE = Info.plist;
				INFOPLIST_KEY_LSApplicationCategoryType = "public.app-category.developer-tools";
				IPHONEOS_DEPLOYMENT_TARGET = 16.0;
				LD_RUNPATH_SEARCH_PATHS = (
					"$(inherited)",
					"@executable_path/Frameworks",
				);
				MARKETING_VERSION = 1.0;
				PRODUCT_BUNDLE_IDENTIFIER = com.embeddedmockengine.app;
				PRODUCT_NAME = MockEngine;
				SDKROOT = iphoneos;
				SWIFT_OPTIMIZATION_LEVEL = "-O";
				SWIFT_VERSION = 5.9;
				TARGETED_DEVICE_FAMILY = "1,2";
			};
			name = Release;
		};
		E85AB2E0DCAA948B3FBD6D05 /* Release */ = {
			isa = XCBuildConfiguration;
			buildSettings = {
				ALWAYS_SEARCH_USER_PATHS = NO;
				ASSETCATALOG_COMPILER_GENERATE_SWIFT_ASSET_SYMBOL_EXTENSIONS = YES;
				CLANG_ANALYZER_NONNULL = YES;
				CLANG_ANALYZER_NUMBER_OBJECT_CONVERSION = YES_AGGRESSIVE;
				CLANG_CXX_LANGUAGE_STANDARD = "gnu++14";
				CLANG_CXX_LIBRARY = "libc++";
				CLANG_ENABLE_MODULES = YES;
				CLANG_ENABLE_OBJC_ARC = YES;
				CLANG_ENABLE_OBJC_WEAK = YES;
				CLANG_WARN_BLOCK_CAPTURE_AUTORELEASING = YES;
				CLANG_WARN_BOOL_CONVERSION = YES;
				CLANG_WARN_COMMA = YES;
				CLANG_WARN_CONSTANT_CONVERSION = YES;
				CLANG_WARN_DEPRECATED_OBJC_IMPLEMENTATIONS = YES;
				CLANG_WARN_DIRECT_OBJC_ISA_USAGE = YES_ERROR;
				CLANG_WARN_DOCUMENTATION_COMMENTS = YES;
				CLANG_WARN_EMPTY_BODY = YES;
				CLANG_WARN_ENUM_CONVERSION = YES;
				CLANG_WARN_INFINITE_RECURSION = YES;
				CLANG_WARN_INT_CONVERSION = YES;
				CLANG_WARN_NON_LITERAL_NULL_CONVERSION = YES;
				CLANG_WARN_OBJC_IMPLICIT_RETAIN_SELF = YES;
				CLANG_WARN_OBJC_LITERAL_CONVERSION = YES;
				CLANG_WARN_OBJC_ROOT_CLASS = YES_ERROR;
				CLANG_WARN_QUOTED_INCLUDE_IN_FRAMEWORK_HEADER = YES;
				CLANG_WARN_RANGE_LOOP_ANALYSIS = YES;
				CLANG_WARN_STRICT_PROTOTYPES = YES;
				CLANG_WARN_SUSPICIOUS_MOVE = YES;
				CLANG_WARN_UNGUARDED_AVAILABILITY = YES_AGGRESSIVE;
				CLANG_WARN_UNREACHABLE_CODE = YES;
				CLANG_WARN__DUPLICATE_METHOD_MATCH = YES;
				COPY_PHASE_STRIP = NO;
				DEAD_CODE_STRIPPING = YES;
				DEBUG_INFORMATION_FORMAT = "dwarf-with-dsym";
				ENABLE_NS_ASSERTIONS = NO;
				ENABLE_STRICT_OBJC_MSGSEND = YES;
				ENABLE_USER_SCRIPT_SANDBOXING = YES;
				GCC_C_LANGUAGE_STANDARD = gnu11;
				GCC_NO_COMMON_BLOCKS = YES;
				GCC_WARN_64_TO_32_BIT_CONVERSION = YES;
				GCC_WARN_ABOUT_RETURN_TYPE = YES_ERROR;
				GCC_WARN_UNDECLARED_SELECTOR = YES;
				GCC_WARN_UNINITIALIZED_AUTOS = YES_AGGRESSIVE;
				GCC_WARN_UNUSED_FUNCTION = YES;
				GCC_WARN_UNUSED_VARIABLE = YES;
				MTL_ENABLE_DEBUG_INFO = NO;
				MTL_FAST_MATH = YES;
				PRODUCT_NAME = "$(TARGET_NAME)";
				STRING_CATALOG_GENERATE_SYMBOLS = YES;
				SWIFT_COMPILATION_MODE = wholemodule;
				SWIFT_OPTIMIZATION_LEVEL = "-O";
				SWIFT_VERSION = 5.0;
			};
			name = Release;
		};
		E93AB902D13CB0BCEDDACFDF /* Debug */ = {
			isa = XCBuildConfiguration;
			buildSettings = {
				ASSETCATALOG_COMPILER_APPICON_NAME = AppIcon;
				CODE_SIGN_IDENTITY = "iPhone Developer";
				CODE_SIGN_STYLE = Automatic;
				CURRENT_PROJECT_VERSION = 1;
				DEVELOPMENT_TEAM = "";
				INFOPLIST_FILE = Info.plist;
				INFOPLIST_KEY_LSApplicationCategoryType = "public.app-category.developer-tools";
				IPHONEOS_DEPLOYMENT_TARGET = 16.0;
				LD_RUNPATH_SEARCH_PATHS = (
					"$(inherited)",
					"@executable_path/Frameworks",
				);
				MARKETING_VERSION = 1.0;
				PRODUCT_BUNDLE_IDENTIFIER = com.embeddedmockengine.app;
				PRODUCT_NAME = MockEngine;
				SDKROOT = iphoneos;
				SWIFT_ACTIVE_COMPILATION_CONDITIONS = DEBUG;
				SWIFT_OPTIMIZATION_LEVEL = "-Onone";
				SWIFT_VERSION = 5.9;
				TARGETED_DEVICE_FAMILY = "1,2";
			};
			name = Debug;
		};
/* End XCBuildConfiguration section */

/* Begin XCConfigurationList section */
		645B5F7C5FC1DC118778C9D4 /* Build configuration list for PBXNativeTarget "MockEngineApp-macOS" */ = {
			isa = XCConfigurationList;
			buildConfigurations = (
				24C7E433A8FAC95BC78FBF27 /* Debug */,
				73AF6BC7CEC3DB7DC2735922 /* Release */,
			);
			defaultConfigurationIsVisible = 0;
			defaultConfigurationName = Debug;
		};
		9573CF12B71B6B0CE85F501C /* Build configuration list for PBXProject "MockEngineApp" */ = {
			isa = XCConfigurationList;
			buildConfigurations = (
				A4984199E416DE2359CED46D /* Debug */,
				E85AB2E0DCAA948B3FBD6D05 /* Release */,
			);
			defaultConfigurationIsVisible = 0;
			defaultConfigurationName = Debug;
		};
		FB1BF844AD5BCDBAAE0D9B2E /* Build configuration list for PBXNativeTarget "MockEngineApp-iOS" */ = {
			isa = XCConfigurationList;
			buildConfigurations = (
				E93AB902D13CB0BCEDDACFDF /* Debug */,
				DED39F45DEC656645BB23FEE /* Release */,
			);
			defaultConfigurationIsVisible = 0;
			defaultConfigurationName = Debug;
		};
/* End XCConfigurationList section */

/* Begin XCLocalSwiftPackageReference section */
		C8243A982FA1AE1800BBC51F /* XCLocalSwiftPackageReference "../EmbeddedMockEngine" */ = {
			isa = XCLocalSwiftPackageReference;
			relativePath = ../EmbeddedMockEngine;
		};
/* End XCLocalSwiftPackageReference section */

/* Begin XCSwiftPackageProductDependency section */
		6845169CB54A693C60ADEC58 /* EmbeddedMockEngine */ = {
			isa = XCSwiftPackageProductDependency;
			productName = EmbeddedMockEngine;
		};
		AF94BED8BA33D993A8CCC0A1 /* EmbeddedMockEngine */ = {
			isa = XCSwiftPackageProductDependency;
			productName = EmbeddedMockEngine;
		};
/* End XCSwiftPackageProductDependency section */
	};
	rootObject = 6EE6A1C6CA26532F67428D0C /* Project object */;
}
